
Microsoft Visual Studio Solution File, Format Version 12.00
# Visual Studio Version 17
VisualStudioVersion = 17.9.34723.18
MinimumVisualStudioVersion = 10.0.40219.1
Project("{FAE04EC0-301F-11D3-BF4B-00C04F79EFBC}") = "ProjectTable", "ProjectTable\ProjectTable.csproj", "{193E42C0-C9B6-4D8E-9B71-1CD4C09A0507}"
EndProject
Global
	GlobalSection(SolutionConfigurationPlatforms) = preSolution
		Debug|Any CPU = Debug|Any CPU
		Release|Any CPU = Release|Any CPU
	EndGlobalSection
	GlobalSection(ProjectConfigurationPlatforms) = postSolution
		{193E42C0-C9B6-4D8E-9B71-1CD4C09A0507}.Debug|Any CPU.ActiveCfg = Debug|Any CPU
		{193E42C0-C9B6-4D8E-9B71-1CD4C09A0507}.Debug|Any CPU.Build.0 = Debug|Any CPU
		{193E42C0-C9B6-4D8E-9B71-1CD4C09A0507}.Release|Any CPU.ActiveCfg = Release|Any CPU
		{193E42C0-C9B6-4D8E-9B71-1CD4C09A0507}.Release|Any CPU.Build.0 = Release|Any CPU
	EndGlobalSection
	GlobalSection(SolutionProperties) = preSolution
		HideSolutionNode = FALSE
	EndGlobalSection
	GlobalSection(ExtensibilityGlobals) = postSolution
		SolutionGuid = {FAA941E9-11CD-40E4-9133-9BB2478674E4}
	EndGlobalSection
EndGlobal
